<Solution>
  <Folder Name="/src/">
    <Project Path="src/Fuaran.Program/Fuaran.Program.fsproj" />
    <Project Path="src/Fuaran.Program.Bounded/Fuaran.Program.Bounded.fsproj" />
    <Project Path="src/Fuaran.Program.Runtime/Fuaran.Program.Runtime.fsproj" />
    <Project Path="src/Fuaran.Program.Server/Fuaran.Program.Server.fsproj" />
  </Folder>
  <Folder Name="/tests/">
    <Project Path="tests/Fuaran.Program.Tests/Fuaran.Program.Tests.fsproj" />
  </Folder>
</Solution>
